
Microsoft Visual Studio Solution File, Format Version 12.00
# Visual Studio Version 17
VisualStudioVersion = 17.14.36616.10 d17.14
MinimumVisualStudioVersion = 10.0.40219.1
Project("{FAE04EC0-301F-11D3-BF4B-00C04F79EFBC}") = "Knigarela.Api", "Knigarela.Api.csproj", "{9F9CDFCB-8103-45EC-9CF7-7F57224C84F4}"
EndProject
Project("{FAE04EC0-301F-11D3-BF4B-00C04F79EFBC}") = "Knigarela.Core", "..\Knigarela.Core\Knigarela.Core.csproj", "{F737058C-9326-266F-4F8C-0E96C6E44DB4}"
EndProject
Project("{FAE04EC0-301F-11D3-BF4B-00C04F79EFBC}") = "Knigarela.Infrastructure", "..\Knigarela.Infrastructure\Knigarela.Infrastructure.csproj", "{4F9C3C60-16B1-7A39-B855-54D8014330A7}"
EndProject
Project("{FAE04EC0-301F-11D3-BF4B-00C04F79EFBC}") = "Knigarela.Services", "..\Knigarela.Services\Knigarela.Services.csproj", "{F8FCABBA-0BFF-8288-A4A5-9F4B10EB03D5}"
EndProject
Global
	GlobalSection(SolutionConfigurationPlatforms) = preSolution
		Debug|Any CPU = Debug|Any CPU
		Release|Any CPU = Release|Any CPU
	EndGlobalSection
	GlobalSection(ProjectConfigurationPlatforms) = postSolution
		{9F9CDFCB-8103-45EC-9CF7-7F57224C84F4}.Debug|Any CPU.ActiveCfg = Debug|Any CPU
		{9F9CDFCB-8103-45EC-9CF7-7F57224C84F4}.Debug|Any CPU.Build.0 = Debug|Any CPU
		{9F9CDFCB-8103-45EC-9CF7-7F57224C84F4}.Release|Any CPU.ActiveCfg = Release|Any CPU
		{9F9CDFCB-8103-45EC-9CF7-7F57224C84F4}.Release|Any CPU.Build.0 = Release|Any CPU
		{F737058C-9326-266F-4F8C-0E96C6E44DB4}.Debug|Any CPU.ActiveCfg = Debug|Any CPU
		{F737058C-9326-266F-4F8C-0E96C6E44DB4}.Debug|Any CPU.Build.0 = Debug|Any CPU
		{F737058C-9326-266F-4F8C-0E96C6E44DB4}.Release|Any CPU.ActiveCfg = Release|Any CPU
		{F737058C-9326-266F-4F8C-0E96C6E44DB4}.Release|Any CPU.Build.0 = Release|Any CPU
		{4F9C3C60-16B1-7A39-B855-54D8014330A7}.Debug|Any CPU.ActiveCfg = Debug|Any CPU
		{4F9C3C60-16B1-7A39-B855-54D8014330A7}.Debug|Any CPU.Build.0 = Debug|Any CPU
		{4F9C3C60-16B1-7A39-B855-54D8014330A7}.Release|Any CPU.ActiveCfg = Release|Any CPU
		{4F9C3C60-16B1-7A39-B855-54D8014330A7}.Release|Any CPU.Build.0 = Release|Any CPU
		{F8FCABBA-0BFF-8288-A4A5-9F4B10EB03D5}.Debug|Any CPU.ActiveCfg = Debug|Any CPU
		{F8FCABBA-0BFF-8288-A4A5-9F4B10EB03D5}.Debug|Any CPU.Build.0 = Debug|Any CPU
		{F8FCABBA-0BFF-8288-A4A5-9F4B10EB03D5}.Release|Any CPU.ActiveCfg = Release|Any CPU
		{F8FCABBA-0BFF-8288-A4A5-9F4B10EB03D5}.Release|Any CPU.Build.0 = Release|Any CPU
	EndGlobalSection
	GlobalSection(SolutionProperties) = preSolution
		HideSolutionNode = FALSE
	EndGlobalSection
	GlobalSection(ExtensibilityGlobals) = postSolution
		SolutionGuid = {3FA4192A-3A90-49D8-B8F1-0000B63913F5}
	EndGlobalSection
EndGlobal
